
Microsoft Visual Studio Solution File, Format Version 12.00
# Visual Studio Version 17
VisualStudioVersion = 17.10.35013.160
MinimumVisualStudioVersion = 10.0.40219.1
Project("{FAE04EC0-301F-11D3-BF4B-00C04F79EFBC}") = "Vista", "Vista\Vista.csproj", "{24D69433-8933-4074-AC8E-6AEB67C11766}"
EndProject
Project("{FAE04EC0-301F-11D3-BF4B-00C04F79EFBC}") = "Controladora", "Controladora\Controladora.csproj", "{0203E36A-F309-4955-89EC-A72C94FC755D}"
EndProject
Project("{FAE04EC0-301F-11D3-BF4B-00C04F79EFBC}") = "Entidades", "Entidades\Entidades.csproj", "{5285DF97-B5A2-4072-ACF1-737BFC9ADFD2}"
EndProject
Project("{FAE04EC0-301F-11D3-BF4B-00C04F79EFBC}") = "Modelo", "Modelo\Modelo.csproj", "{4714A89A-AEBF-4918-8DD4-69ECC9256D9C}"
EndProject
Global
	GlobalSection(SolutionConfigurationPlatforms) = preSolution
		Debug|Any CPU = Debug|Any CPU
		Release|Any CPU = Release|Any CPU
	EndGlobalSection
	GlobalSection(ProjectConfigurationPlatforms) = postSolution
		{24D69433-8933-4074-AC8E-6AEB67C11766}.Debug|Any CPU.ActiveCfg = Debug|Any CPU
		{24D69433-8933-4074-AC8E-6AEB67C11766}.Debug|Any CPU.Build.0 = Debug|Any CPU
		{24D69433-8933-4074-AC8E-6AEB67C11766}.Release|Any CPU.ActiveCfg = Release|Any CPU
		{24D69433-8933-4074-AC8E-6AEB67C11766}.Release|Any CPU.Build.0 = Release|Any CPU
		{0203E36A-F309-4955-89EC-A72C94FC755D}.Debug|Any CPU.ActiveCfg = Debug|Any CPU
		{0203E36A-F309-4955-89EC-A72C94FC755D}.Debug|Any CPU.Build.0 = Debug|Any CPU
		{0203E36A-F309-4955-89EC-A72C94FC755D}.Release|Any CPU.ActiveCfg = Release|Any CPU
		{0203E36A-F309-4955-89EC-A72C94FC755D}.Release|Any CPU.Build.0 = Release|Any CPU
		{5285DF97-B5A2-4072-ACF1-737BFC9ADFD2}.Debug|Any CPU.ActiveCfg = Debug|Any CPU
		{5285DF97-B5A2-4072-ACF1-737BFC9ADFD2}.Debug|Any CPU.Build.0 = Debug|Any CPU
		{5285DF97-B5A2-4072-ACF1-737BFC9ADFD2}.Release|Any CPU.ActiveCfg = Release|Any CPU
		{5285DF97-B5A2-4072-ACF1-737BFC9ADFD2}.Release|Any CPU.Build.0 = Release|Any CPU
		{4714A89A-AEBF-4918-8DD4-69ECC9256D9C}.Debug|Any CPU.ActiveCfg = Debug|Any CPU
		{4714A89A-AEBF-4918-8DD4-69ECC9256D9C}.Debug|Any CPU.Build.0 = Debug|Any CPU
		{4714A89A-AEBF-4918-8DD4-69ECC9256D9C}.Release|Any CPU.ActiveCfg = Release|Any CPU
		{4714A89A-AEBF-4918-8DD4-69ECC9256D9C}.Release|Any CPU.Build.0 = Release|Any CPU
	EndGlobalSection
	GlobalSection(SolutionProperties) = preSolution
		HideSolutionNode = FALSE
	EndGlobalSection
	GlobalSection(ExtensibilityGlobals) = postSolution
		SolutionGuid = {C2C42944-BF8D-44D3-9251-7B6DDFFCE737}
	EndGlobalSection
EndGlobal
