
Microsoft Visual Studio Solution File, Format Version 12.00
# Visual Studio Version 17
VisualStudioVersion = 17.9.34616.47
MinimumVisualStudioVersion = 10.0.40219.1
Project("{FAE04EC0-301F-11D3-BF4B-00C04F79EFBC}") = "Vista", "Vista\Vista.csproj", "{1704D521-70AF-423C-9FE6-59D9DC3EE11B}"
EndProject
Project("{FAE04EC0-301F-11D3-BF4B-00C04F79EFBC}") = "Entidades", "Entidades\Entidades.csproj", "{7F82E8C3-009F-4C25-A461-6B7CCB76576B}"
EndProject
Project("{FAE04EC0-301F-11D3-BF4B-00C04F79EFBC}") = "Repositorios", "Repositorios\Repositorios.csproj", "{26985D5F-A374-46CC-99E3-AE8C4D4C48ED}"
EndProject
Project("{FAE04EC0-301F-11D3-BF4B-00C04F79EFBC}") = "Controladora", "Controladora\Controladora.csproj", "{B461BCA9-8192-4E5E-A8F7-3D95E1F1257F}"
EndProject
Global
	GlobalSection(SolutionConfigurationPlatforms) = preSolution
		Debug|Any CPU = Debug|Any CPU
		Release|Any CPU = Release|Any CPU
	EndGlobalSection
	GlobalSection(ProjectConfigurationPlatforms) = postSolution
		{1704D521-70AF-423C-9FE6-59D9DC3EE11B}.Debug|Any CPU.ActiveCfg = Debug|Any CPU
		{1704D521-70AF-423C-9FE6-59D9DC3EE11B}.Debug|Any CPU.Build.0 = Debug|Any CPU
		{1704D521-70AF-423C-9FE6-59D9DC3EE11B}.Release|Any CPU.ActiveCfg = Release|Any CPU
		{1704D521-70AF-423C-9FE6-59D9DC3EE11B}.Release|Any CPU.Build.0 = Release|Any CPU
		{7F82E8C3-009F-4C25-A461-6B7CCB76576B}.Debug|Any CPU.ActiveCfg = Debug|Any CPU
		{7F82E8C3-009F-4C25-A461-6B7CCB76576B}.Debug|Any CPU.Build.0 = Debug|Any CPU
		{7F82E8C3-009F-4C25-A461-6B7CCB76576B}.Release|Any CPU.ActiveCfg = Release|Any CPU
		{7F82E8C3-009F-4C25-A461-6B7CCB76576B}.Release|Any CPU.Build.0 = Release|Any CPU
		{26985D5F-A374-46CC-99E3-AE8C4D4C48ED}.Debug|Any CPU.ActiveCfg = Debug|Any CPU
		{26985D5F-A374-46CC-99E3-AE8C4D4C48ED}.Debug|Any CPU.Build.0 = Debug|Any CPU
		{26985D5F-A374-46CC-99E3-AE8C4D4C48ED}.Release|Any CPU.ActiveCfg = Release|Any CPU
		{26985D5F-A374-46CC-99E3-AE8C4D4C48ED}.Release|Any CPU.Build.0 = Release|Any CPU
		{B461BCA9-8192-4E5E-A8F7-3D95E1F1257F}.Debug|Any CPU.ActiveCfg = Debug|Any CPU
		{B461BCA9-8192-4E5E-A8F7-3D95E1F1257F}.Debug|Any CPU.Build.0 = Debug|Any CPU
		{B461BCA9-8192-4E5E-A8F7-3D95E1F1257F}.Release|Any CPU.ActiveCfg = Release|Any CPU
		{B461BCA9-8192-4E5E-A8F7-3D95E1F1257F}.Release|Any CPU.Build.0 = Release|Any CPU
	EndGlobalSection
	GlobalSection(SolutionProperties) = preSolution
		HideSolutionNode = FALSE
	EndGlobalSection
	GlobalSection(ExtensibilityGlobals) = postSolution
		SolutionGuid = {80C68EA8-1DD6-4863-854C-7C6558FDFED8}
	EndGlobalSection
EndGlobal
